
Microsoft Visual Studio Solution File, Format Version 12.00
Project("{FAE04EC0-301F-11D3-BF4B-00C04F79EFBC}") = "WebApi", "WebApi\WebApi.csproj", "{EBB47DFE-D66E-440D-87AB-4BBB46329257}"
EndProject
Project("{FAE04EC0-301F-11D3-BF4B-00C04F79EFBC}") = "WebApi.UnitTest", "WebApi.UnitTest\WebApi.UnitTest.csproj", "{3D00D686-8980-4995-8717-9337D2B59040}"
EndProject
Global
	GlobalSection(SolutionConfigurationPlatforms) = preSolution
		Debug|Any CPU = Debug|Any CPU
		Release|Any CPU = Release|Any CPU
	EndGlobalSection
	GlobalSection(ProjectConfigurationPlatforms) = postSolution
		{EBB47DFE-D66E-440D-87AB-4BBB46329257}.Debug|Any CPU.ActiveCfg = Debug|Any CPU
		{EBB47DFE-D66E-440D-87AB-4BBB46329257}.Debug|Any CPU.Build.0 = Debug|Any CPU
		{EBB47DFE-D66E-440D-87AB-4BBB46329257}.Release|Any CPU.ActiveCfg = Release|Any CPU
		{EBB47DFE-D66E-440D-87AB-4BBB46329257}.Release|Any CPU.Build.0 = Release|Any CPU
		{3D00D686-8980-4995-8717-9337D2B59040}.Debug|Any CPU.ActiveCfg = Debug|Any CPU
		{3D00D686-8980-4995-8717-9337D2B59040}.Debug|Any CPU.Build.0 = Debug|Any CPU
		{3D00D686-8980-4995-8717-9337D2B59040}.Release|Any CPU.ActiveCfg = Release|Any CPU
		{3D00D686-8980-4995-8717-9337D2B59040}.Release|Any CPU.Build.0 = Release|Any CPU
	EndGlobalSection
EndGlobal
